// !$*UTF8*$!
{
	archiveVersion = 1;
	classes = {
	};
	objectVersion = 77;
	objects = {

/* Begin PBXBuildFile section */
		2E575EA7298F316A7001D6D3 /* MenuBarContent.swift in Sources */ = {isa = PBXBuildFile; fileRef = 2EC8E631879991B7EF81EA40 /* MenuBarContent.swift */; };
		39E0A47149F27C20E155F445 /* DisplayController.swift in Sources */ = {isa = PBXBuildFile; fileRef = 3659DF56DF0C102C316D13E4 /* DisplayController.swift */; };
		4B2EEE7514833F1A8648FF9F /* Sparkle in Frameworks */ = {isa = PBXBuildFile; productRef = C4B61AF1052F16CCF3A89C05 /* Sparkle */; };
		6BAE82DA228EBEB676DC7524 /* ContentView.swift in Sources */ = {isa = PBXBuildFile; fileRef = 55DE3081F59FD00A056D232F /* ContentView.swift */; };
		7998C806D8D4795FD548426D /* Assets.xcassets in Resources */ = {isa = PBXBuildFile; fileRef = 9F495F9E260E654A7FF423B1 /* Assets.xcassets */; };
		79BEEA042A777BE468DB3484 /* RoleStore.swift in Sources */ = {isa = PBXBuildFile; fileRef = E005BA69E941B01F3C40FABC /* RoleStore.swift */; };
		975256C9B88CC5551DFDE9D3 /* OpenObjectApp.swift in Sources */ = {isa = PBXBuildFile; fileRef = 58E5EAFDEBAABEBDFDC5CCFA /* OpenObjectApp.swift */; };
		989C2BEC4A064E2E7549246F /* AppDelegate.swift in Sources */ = {isa = PBXBuildFile; fileRef = 5B206D206987C3DD8432B568 /* AppDelegate.swift */; };
		9A9D20263F7592EA61A23764 /* EngineHost.swift in Sources */ = {isa = PBXBuildFile; fileRef = 0482993B9F86DEC061D393ED /* EngineHost.swift */; };
		A9DFEEA4837EE50FB3EBBA44 /* DisplayActions.swift in Sources */ = {isa = PBXBuildFile; fileRef = 5435E254684C651D7E4BAF06 /* DisplayActions.swift */; };
		F62B69C9AAE0135AAD7EB35F /* HostDiscovery.swift in Sources */ = {isa = PBXBuildFile; fileRef = 8908E88C7524511930497EDF /* HostDiscovery.swift */; };
/* End PBXBuildFile section */

/* Begin PBXFileReference section */
		0482993B9F86DEC061D393ED /* EngineHost.swift */ = {isa = PBXFileReference; lastKnownFileType = sourcecode.swift; path = EngineHost.swift; sourceTree = "<group>"; };
		2937600A23EF8C04C94510F3 /* OpenObject.app */ = {isa = PBXFileReference; explicitFileType = wrapper.application; includeInIndex = 0; path = OpenObject.app; sourceTree = BUILT_PRODUCTS_DIR; };
		2EC8E631879991B7EF81EA40 /* MenuBarContent.swift */ = {isa = PBXFileReference; lastKnownFileType = sourcecode.swift; path = MenuBarContent.swift; sourceTree = "<group>"; };
		3659DF56DF0C102C316D13E4 /* DisplayController.swift */ = {isa = PBXFileReference; lastKnownFileType = sourcecode.swift; path = DisplayController.swift; sourceTree = "<group>"; };
		5435E254684C651D7E4BAF06 /* DisplayActions.swift */ = {isa = PBXFileReference; lastKnownFileType = sourcecode.swift; path = DisplayActions.swift; sourceTree = "<group>"; };
		55DE3081F59FD00A056D232F /* ContentView.swift */ = {isa = PBXFileReference; lastKnownFileType = sourcecode.swift; path = ContentView.swift; sourceTree = "<group>"; };
		58E5EAFDEBAABEBDFDC5CCFA /* OpenObjectApp.swift */ = {isa = PBXFileReference; lastKnownFileType = sourcecode.swift; path = OpenObjectApp.swift; sourceTree = "<group>"; };
		5B206D206987C3DD8432B568 /* AppDelegate.swift */ = {isa = PBXFileReference; lastKnownFileType = sourcecode.swift; path = AppDelegate.swift; sourceTree = "<group>"; };
		8908E88C7524511930497EDF /* HostDiscovery.swift */ = {isa = PBXFileReference; lastKnownFileType = sourcecode.swift; path = HostDiscovery.swift; sourceTree = "<group>"; };
		9F495F9E260E654A7FF423B1 /* Assets.xcassets */ = {isa = PBXFileReference; lastKnownFileType = folder.assetcatalog; path = Assets.xcassets; sourceTree = "<group>"; };
		E005BA69E941B01F3C40FABC /* RoleStore.swift */ = {isa = PBXFileReference; lastKnownFileType = sourcecode.swift; path = RoleStore.swift; sourceTree = "<group>"; };
/* End PBXFileReference section */

/* Begin PBXFrameworksBuildPhase section */
		39D3EE3814FB3248A0CEDB0A /* Frameworks */ = {
			isa = PBXFrameworksBuildPhase;
			buildActionMask = 2147483647;
			files = (
				4B2EEE7514833F1A8648FF9F /* Sparkle in Frameworks */,
			);
			runOnlyForDeploymentPostprocessing = 0;
		};
/* End PBXFrameworksBuildPhase section */

/* Begin PBXGroup section */
		45FB89F809E72C32975B65D4 = {
			isa = PBXGroup;
			children = (
				9F495F9E260E654A7FF423B1 /* Assets.xcassets */,
				4B9965AD3BE888154B253124 /* Sources */,
				91A625EA3E8B3B284AA7FC97 /* Products */,
			);
			sourceTree = "<group>";
		};
		4B9965AD3BE888154B253124 /* Sources */ = {
			isa = PBXGroup;
			children = (
				5B206D206987C3DD8432B568 /* AppDelegate.swift */,
				55DE3081F59FD00A056D232F /* ContentView.swift */,
				5435E254684C651D7E4BAF06 /* DisplayActions.swift */,
				3659DF56DF0C102C316D13E4 /* DisplayController.swift */,
				0482993B9F86DEC061D393ED /* EngineHost.swift */,
				8908E88C7524511930497EDF /* HostDiscovery.swift */,
				2EC8E631879991B7EF81EA40 /* MenuBarContent.swift */,
				58E5EAFDEBAABEBDFDC5CCFA /* OpenObjectApp.swift */,
				E005BA69E941B01F3C40FABC /* RoleStore.swift */,
			);
			path = Sources;
			sourceTree = "<group>";
		};
		91A625EA3E8B3B284AA7FC97 /* Products */ = {
			isa = PBXGroup;
			children = (
				2937600A23EF8C04C94510F3 /* OpenObject.app */,
			);
			name = Products;
			sourceTree = "<group>";
		};
/* End PBXGroup section */

/* Begin PBXNativeTarget section */
		E1B35F64770D864B745C987D /* OpenObject */ = {
			isa = PBXNativeTarget;
			buildConfigurationList = 363FE4D424833BD82FE419FB /* Build configuration list for PBXNativeTarget "OpenObject" */;
			buildPhases = (
				4AA1C9D5C5617A996D8C9F2D /* Sources */,
				58908A60D0710C6A97E31F5B /* Resources */,
				39D3EE3814FB3248A0CEDB0A /* Frameworks */,
				E7F3DE4159226D427EE34797 /* Bundle engine (Node + player) */,
			);
			buildRules = (
			);
			dependencies = (
			);
			name = OpenObject;
			packageProductDependencies = (
				C4B61AF1052F16CCF3A89C05 /* Sparkle */,
			);
			productName = OpenObject;
			productReference = 2937600A23EF8C04C94510F3 /* OpenObject.app */;
			productType = "com.apple.product-type.application";
		};
/* End PBXNativeTarget section */

/* Begin PBXProject section */
		1432B083B3FF07816CA9BEC0 /* Project object */ = {
			isa = PBXProject;
			attributes = {
				BuildIndependentTargetsInParallel = YES;
				LastUpgradeCheck = 1430;
				TargetAttributes = {
					E1B35F64770D864B745C987D = {
						ProvisioningStyle = Manual;
					};
				};
			};
			buildConfigurationList = 4C9B2561D18E91EED0AA606A /* Build configuration list for PBXProject "OpenObject" */;
			developmentRegion = en;
			hasScannedForEncodings = 0;
			knownRegions = (
				Base,
				en,
			);
			mainGroup = 45FB89F809E72C32975B65D4;
			minimizedProjectReferenceProxies = 1;
			packageReferences = (
				DCB54171E71FE1B036A08771 /* XCRemoteSwiftPackageReference "Sparkle" */,
			);
			preferredProjectObjectVersion = 77;
			productRefGroup = 91A625EA3E8B3B284AA7FC97 /* Products */;
			projectDirPath = "";
			projectRoot = "";
			targets = (
				E1B35F64770D864B745C987D /* OpenObject */,
			);
		};
/* End PBXProject section */

/* Begin PBXResourcesBuildPhase section */
		58908A60D0710C6A97E31F5B /* Resources */ = {
			isa = PBXResourcesBuildPhase;
			buildActionMask = 2147483647;
			files = (
				7998C806D8D4795FD548426D /* Assets.xcassets in Resources */,
			);
			runOnlyForDeploymentPostprocessing = 0;
		};
/* End PBXResourcesBuildPhase section */

/* Begin PBXShellScriptBuildPhase section */
		E7F3DE4159226D427EE34797 /* Bundle engine (Node + player) */ = {
			isa = PBXShellScriptBuildPhase;
			alwaysOutOfDate = 1;
			buildActionMask = 2147483647;
			files = (
			);
			inputFileListPaths = (
			);
			inputPaths = (
			);
			name = "Bundle engine (Node + player)";
			outputFileListPaths = (
			);
			outputPaths = (
			);
			runOnlyForDeploymentPostprocessing = 0;
			shellPath = /bin/sh;
			shellScript = "\"$SRCROOT/scripts/bundle-engine.sh\"";
		};
/* End PBXShellScriptBuildPhase section */

/* Begin PBXSourcesBuildPhase section */
		4AA1C9D5C5617A996D8C9F2D /* Sources */ = {
			isa = PBXSourcesBuildPhase;
			buildActionMask = 2147483647;
			files = (
				989C2BEC4A064E2E7549246F /* AppDelegate.swift in Sources */,
				6BAE82DA228EBEB676DC7524 /* ContentView.swift in Sources */,
				A9DFEEA4837EE50FB3EBBA44 /* DisplayActions.swift in Sources */,
				39E0A47149F27C20E155F445 /* DisplayController.swift in Sources */,
				9A9D20263F7592EA61A23764 /* EngineHost.swift in Sources */,
				F62B69C9AAE0135AAD7EB35F /* HostDiscovery.swift in Sources */,
				2E575EA7298F316A7001D6D3 /* MenuBarContent.swift in Sources */,
				975256C9B88CC5551DFDE9D3 /* OpenObjectApp.swift in Sources */,
				79BEEA042A777BE468DB3484 /* RoleStore.swift in Sources */,
			);
			runOnlyForDeploymentPostprocessing = 0;
		};
/* End PBXSourcesBuildPhase section */

/* Begin XCBuildConfiguration section */
		1B0B9676695C70449E7CF8B7 /* Debug */ = {
			isa = XCBuildConfiguration;
			buildSettings = {
				ASSETCATALOG_COMPILER_APPICON_NAME = AppIcon;
				COMBINE_HIDPI_IMAGES = YES;
				INFOPLIST_FILE = "OpenObject-Info.plist";
				LD_RUNPATH_SEARCH_PATHS = (
					"$(inherited)",
					"@executable_path/../Frameworks",
				);
				MACOSX_DEPLOYMENT_TARGET = 15.0;
				PRODUCT_BUNDLE_IDENTIFIER = io.openobject.OpenObject;
				PRODUCT_NAME = OpenObject;
				SDKROOT = macosx;
			};
			name = Debug;
		};
		23956E806AAECAFD77794B94 /* Debug */ = {
			isa = XCBuildConfiguration;
			buildSettings = {
				ALWAYS_SEARCH_USER_PATHS = NO;
				ARCHS = arm64;
				CLANG_ANALYZER_NONNULL = YES;
				CLANG_ANALYZER_NUMBER_OBJECT_CONVERSION = YES_AGGRESSIVE;
				CLANG_CXX_LANGUAGE_STANDARD = "gnu++14";
				CLANG_CXX_LIBRARY = "libc++";
				CLANG_ENABLE_MODULES = YES;
				CLANG_ENABLE_OBJC_ARC = YES;
				CLANG_ENABLE_OBJC_WEAK = YES;
				CLANG_WARN_BLOCK_CAPTURE_AUTORELEASING = YES;
				CLANG_WARN_BOOL_CONVERSION = YES;
				CLANG_WARN_COMMA = YES;
				CLANG_WARN_CONSTANT_CONVERSION = YES;
				CLANG_WARN_DEPRECATED_OBJC_IMPLEMENTATIONS = YES;
				CLANG_WARN_DIRECT_OBJC_ISA_USAGE = YES_ERROR;
				CLANG_WARN_DOCUMENTATION_COMMENTS = YES;
				CLANG_WARN_EMPTY_BODY = YES;
				CLANG_WARN_ENUM_CONVERSION = YES;
				CLANG_WARN_INFINITE_RECURSION = YES;
				CLANG_WARN_INT_CONVERSION = YES;
				CLANG_WARN_NON_LITERAL_NULL_CONVERSION = YES;
				CLANG_WARN_OBJC_IMPLICIT_RETAIN_SELF = YES;
				CLANG_WARN_OBJC_LITERAL_CONVERSION = YES;
				CLANG_WARN_OBJC_ROOT_CLASS = YES_ERROR;
				CLANG_WARN_QUOTED_INCLUDE_IN_FRAMEWORK_HEADER = YES;
				CLANG_WARN_RANGE_LOOP_ANALYSIS = YES;
				CLANG_WARN_STRICT_PROTOTYPES = YES;
				CLANG_WARN_SUSPICIOUS_MOVE = YES;
				CLANG_WARN_UNGUARDED_AVAILABILITY = YES_AGGRESSIVE;
				CLANG_WARN_UNREACHABLE_CODE = YES;
				CLANG_WARN__DUPLICATE_METHOD_MATCH = YES;
				CODE_SIGNING_REQUIRED = NO;
				CODE_SIGN_IDENTITY = "-";
				CODE_SIGN_STYLE = Manual;
				COPY_PHASE_STRIP = NO;
				CURRENT_PROJECT_VERSION = 10;
				DEBUG_INFORMATION_FORMAT = dwarf;
				ENABLE_HARDENED_RUNTIME = NO;
				ENABLE_STRICT_OBJC_MSGSEND = YES;
				ENABLE_TESTABILITY = YES;
				GCC_C_LANGUAGE_STANDARD = gnu11;
				GCC_DYNAMIC_NO_PIC = NO;
				GCC_NO_COMMON_BLOCKS = YES;
				GCC_OPTIMIZATION_LEVEL = 0;
				GCC_PREPROCESSOR_DEFINITIONS = (
					"$(inherited)",
					"DEBUG=1",
				);
				GCC_WARN_64_TO_32_BIT_CONVERSION = YES;
				GCC_WARN_ABOUT_RETURN_TYPE = YES_ERROR;
				GCC_WARN_UNDECLARED_SELECTOR = YES;
				GCC_WARN_UNINITIALIZED_AUTOS = YES_AGGRESSIVE;
				GCC_WARN_UNUSED_FUNCTION = YES;
				GCC_WARN_UNUSED_VARIABLE = YES;
				MACOSX_DEPLOYMENT_TARGET = 15.0;
				MARKETING_VERSION = 1.5.1;
				MTL_ENABLE_DEBUG_INFO = INCLUDE_SOURCE;
				MTL_FAST_MATH = YES;
				ONLY_ACTIVE_ARCH = NO;
				PRODUCT_NAME = "$(TARGET_NAME)";
				SDKROOT = macosx;
				SWIFT_ACTIVE_COMPILATION_CONDITIONS = DEBUG;
				SWIFT_OPTIMIZATION_LEVEL = "-Onone";
				SWIFT_VERSION = 5.0;
			};
			name = Debug;
		};
		45A9786C31587C0273A96279 /* Release */ = {
			isa = XCBuildConfiguration;
			buildSettings = {
				ALWAYS_SEARCH_USER_PATHS = NO;
				ARCHS = arm64;
				CLANG_ANALYZER_NONNULL = YES;
				CLANG_ANALYZER_NUMBER_OBJECT_CONVERSION = YES_AGGRESSIVE;
				CLANG_CXX_LANGUAGE_STANDARD = "gnu++14";
				CLANG_CXX_LIBRARY = "libc++";
				CLANG_ENABLE_MODULES = YES;
				CLANG_ENABLE_OBJC_ARC = YES;
				CLANG_ENABLE_OBJC_WEAK = YES;
				CLANG_WARN_BLOCK_CAPTURE_AUTORELEASING = YES;
				CLANG_WARN_BOOL_CONVERSION = YES;
				CLANG_WARN_COMMA = YES;
				CLANG_WARN_CONSTANT_CONVERSION = YES;
				CLANG_WARN_DEPRECATED_OBJC_IMPLEMENTATIONS = YES;
				CLANG_WARN_DIRECT_OBJC_ISA_USAGE = YES_ERROR;
				CLANG_WARN_DOCUMENTATION_COMMENTS = YES;
				CLANG_WARN_EMPTY_BODY = YES;
				CLANG_WARN_ENUM_CONVERSION = YES;
				CLANG_WARN_INFINITE_RECURSION = YES;
				CLANG_WARN_INT_CONVERSION = YES;
				CLANG_WARN_NON_LITERAL_NULL_CONVERSION = YES;
				CLANG_WARN_OBJC_IMPLICIT_RETAIN_SELF = YES;
				CLANG_WARN_OBJC_LITERAL_CONVERSION = YES;
				CLANG_WARN_OBJC_ROOT_CLASS = YES_ERROR;
				CLANG_WARN_QUOTED_INCLUDE_IN_FRAMEWORK_HEADER = YES;
				CLANG_WARN_RANGE_LOOP_ANALYSIS = YES;
				CLANG_WARN_STRICT_PROTOTYPES = YES;
				CLANG_WARN_SUSPICIOUS_MOVE = YES;
				CLANG_WARN_UNGUARDED_AVAILABILITY = YES_AGGRESSIVE;
				CLANG_WARN_UNREACHABLE_CODE = YES;
				CLANG_WARN__DUPLICATE_METHOD_MATCH = YES;
				CODE_SIGNING_REQUIRED = NO;
				CODE_SIGN_IDENTITY = "-";
				CODE_SIGN_STYLE = Manual;
				COPY_PHASE_STRIP = NO;
				CURRENT_PROJECT_VERSION = 10;
				DEBUG_INFORMATION_FORMAT = "dwarf-with-dsym";
				ENABLE_HARDENED_RUNTIME = NO;
				ENABLE_NS_ASSERTIONS = NO;
				ENABLE_STRICT_OBJC_MSGSEND = YES;
				GCC_C_LANGUAGE_STANDARD = gnu11;
				GCC_NO_COMMON_BLOCKS = YES;
				GCC_WARN_64_TO_32_BIT_CONVERSION = YES;
				GCC_WARN_ABOUT_RETURN_TYPE = YES_ERROR;
				GCC_WARN_UNDECLARED_SELECTOR = YES;
				GCC_WARN_UNINITIALIZED_AUTOS = YES_AGGRESSIVE;
				GCC_WARN_UNUSED_FUNCTION = YES;
				GCC_WARN_UNUSED_VARIABLE = YES;
				MACOSX_DEPLOYMENT_TARGET = 15.0;
				MARKETING_VERSION = 1.5.1;
				MTL_ENABLE_DEBUG_INFO = NO;
				MTL_FAST_MATH = YES;
				ONLY_ACTIVE_ARCH = NO;
				PRODUCT_NAME = "$(TARGET_NAME)";
				SDKROOT = macosx;
				SWIFT_COMPILATION_MODE = wholemodule;
				SWIFT_OPTIMIZATION_LEVEL = "-O";
				SWIFT_VERSION = 5.0;
			};
			name = Release;
		};
		CB5696581CA818578B15BD2A /* Release */ = {
			isa = XCBuildConfiguration;
			buildSettings = {
				ASSETCATALOG_COMPILER_APPICON_NAME = AppIcon;
				COMBINE_HIDPI_IMAGES = YES;
				INFOPLIST_FILE = "OpenObject-Info.plist";
				LD_RUNPATH_SEARCH_PATHS = (
					"$(inherited)",
					"@executable_path/../Frameworks",
				);
				MACOSX_DEPLOYMENT_TARGET = 15.0;
				PRODUCT_BUNDLE_IDENTIFIER = io.openobject.OpenObject;
				PRODUCT_NAME = OpenObject;
				SDKROOT = macosx;
			};
			name = Release;
		};
/* End XCBuildConfiguration section */

/* Begin XCConfigurationList section */
		363FE4D424833BD82FE419FB /* Build configuration list for PBXNativeTarget "OpenObject" */ = {
			isa = XCConfigurationList;
			buildConfigurations = (
				1B0B9676695C70449E7CF8B7 /* Debug */,
				CB5696581CA818578B15BD2A /* Release */,
			);
			defaultConfigurationIsVisible = 0;
			defaultConfigurationName = Debug;
		};
		4C9B2561D18E91EED0AA606A /* Build configuration list for PBXProject "OpenObject" */ = {
			isa = XCConfigurationList;
			buildConfigurations = (
				23956E806AAECAFD77794B94 /* Debug */,
				45A9786C31587C0273A96279 /* Release */,
			);
			defaultConfigurationIsVisible = 0;
			defaultConfigurationName = Debug;
		};
/* End XCConfigurationList section */

/* Begin XCRemoteSwiftPackageReference section */
		DCB54171E71FE1B036A08771 /* XCRemoteSwiftPackageReference "Sparkle" */ = {
			isa = XCRemoteSwiftPackageReference;
			repositoryURL = "https://github.com/sparkle-project/Sparkle";
			requirement = {
				kind = upToNextMajorVersion;
				minimumVersion = 2.6.4;
			};
		};
/* End XCRemoteSwiftPackageReference section */

/* Begin XCSwiftPackageProductDependency section */
		C4B61AF1052F16CCF3A89C05 /* Sparkle */ = {
			isa = XCSwiftPackageProductDependency;
			package = DCB54171E71FE1B036A08771 /* XCRemoteSwiftPackageReference "Sparkle" */;
			productName = Sparkle;
		};
/* End XCSwiftPackageProductDependency section */
	};
	rootObject = 1432B083B3FF07816CA9BEC0 /* Project object */;
}
