// !$*UTF8*$!
{
	archiveVersion = 1;
	classes = {
	};
	objectVersion = 77;
	objects = {

/* Begin PBXBuildFile section */
		0F330A0AE4E1FF0E56C4BC82 /* UserDefaultsHostStore.swift in Sources */ = {isa = PBXBuildFile; fileRef = 9E70C92B387C5850E35FBA0A /* UserDefaultsHostStore.swift */; };
		1BB527B8B7A6B32C16AA75F5 /* HostPickerView.swift in Sources */ = {isa = PBXBuildFile; fileRef = 965CA6A5C9E0069F762371BE /* HostPickerView.swift */; };
		5C61A5B9D560127AF913A85E /* Assets.xcassets in Resources */ = {isa = PBXBuildFile; fileRef = 9F495F9E260E654A7FF423B1 /* Assets.xcassets */; };
		6777C5D0170FC6FACDFEC0AC /* MediaView.swift in Sources */ = {isa = PBXBuildFile; fileRef = FC4CA6744F8BE1C2B522FB7C /* MediaView.swift */; };
		68A9C983076D5DB2384C9D68 /* AppModel.swift in Sources */ = {isa = PBXBuildFile; fileRef = A844CD351E9A95F19B6E3888 /* AppModel.swift */; };
		8C056E9F9A79407FC0CC50F3 /* RootView.swift in Sources */ = {isa = PBXBuildFile; fileRef = 5ED4ED6C991174D53E98ADCB /* RootView.swift */; };
		8C0D4A429C13FA0A38EDAD5B /* OpenObjectTVApp.swift in Sources */ = {isa = PBXBuildFile; fileRef = 5FEFC2F065B88CE379F032E3 /* OpenObjectTVApp.swift */; };
		AF983191DF9D02478396CCA0 /* ArtStageView.swift in Sources */ = {isa = PBXBuildFile; fileRef = 5C3B0357AAA4B57BA1EF77BE /* ArtStageView.swift */; };
		EB113A78BA588E4CBF278F98 /* DisplayCore in Frameworks */ = {isa = PBXBuildFile; productRef = DD3C4AC8A4B75CA2E48D9B92 /* DisplayCore */; };
		EDB77F24F0B85223CC172A67 /* VideoLayerView.swift in Sources */ = {isa = PBXBuildFile; fileRef = 4EB8A78C5BDAA4C7CB44CCB8 /* VideoLayerView.swift */; };
/* End PBXBuildFile section */

/* Begin PBXFileReference section */
		4EB8A78C5BDAA4C7CB44CCB8 /* VideoLayerView.swift */ = {isa = PBXFileReference; lastKnownFileType = sourcecode.swift; path = VideoLayerView.swift; sourceTree = "<group>"; };
		5C3B0357AAA4B57BA1EF77BE /* ArtStageView.swift */ = {isa = PBXFileReference; lastKnownFileType = sourcecode.swift; path = ArtStageView.swift; sourceTree = "<group>"; };
		5ED4ED6C991174D53E98ADCB /* RootView.swift */ = {isa = PBXFileReference; lastKnownFileType = sourcecode.swift; path = RootView.swift; sourceTree = "<group>"; };
		5FEFC2F065B88CE379F032E3 /* OpenObjectTVApp.swift */ = {isa = PBXFileReference; lastKnownFileType = sourcecode.swift; path = OpenObjectTVApp.swift; sourceTree = "<group>"; };
		965CA6A5C9E0069F762371BE /* HostPickerView.swift */ = {isa = PBXFileReference; lastKnownFileType = sourcecode.swift; path = HostPickerView.swift; sourceTree = "<group>"; };
		9E70C92B387C5850E35FBA0A /* UserDefaultsHostStore.swift */ = {isa = PBXFileReference; lastKnownFileType = sourcecode.swift; path = UserDefaultsHostStore.swift; sourceTree = "<group>"; };
		9F495F9E260E654A7FF423B1 /* Assets.xcassets */ = {isa = PBXFileReference; lastKnownFileType = folder.assetcatalog; path = Assets.xcassets; sourceTree = "<group>"; };
		A844CD351E9A95F19B6E3888 /* AppModel.swift */ = {isa = PBXFileReference; lastKnownFileType = sourcecode.swift; path = AppModel.swift; sourceTree = "<group>"; };
		C9BEA43C301A266597B50BEC /* display-core */ = {isa = PBXFileReference; lastKnownFileType = folder; name = "display-core"; path = "../display-core"; sourceTree = SOURCE_ROOT; };
		DA28F2304D58551C6975D317 /* OpenObjectTV.app */ = {isa = PBXFileReference; includeInIndex = 0; lastKnownFileType = wrapper.application; path = OpenObjectTV.app; sourceTree = BUILT_PRODUCTS_DIR; };
		FC4CA6744F8BE1C2B522FB7C /* MediaView.swift */ = {isa = PBXFileReference; lastKnownFileType = sourcecode.swift; path = MediaView.swift; sourceTree = "<group>"; };
/* End PBXFileReference section */

/* Begin PBXFrameworksBuildPhase section */
		DEA02266B94E0443C9104B28 /* Frameworks */ = {
			isa = PBXFrameworksBuildPhase;
			buildActionMask = 2147483647;
			files = (
				EB113A78BA588E4CBF278F98 /* DisplayCore in Frameworks */,
			);
			runOnlyForDeploymentPostprocessing = 0;
		};
/* End PBXFrameworksBuildPhase section */

/* Begin PBXGroup section */
		45FB89F809E72C32975B65D4 = {
			isa = PBXGroup;
			children = (
				9F495F9E260E654A7FF423B1 /* Assets.xcassets */,
				BFC0C1525F0CC41315C18F25 /* Packages */,
				4B9965AD3BE888154B253124 /* Sources */,
				91A625EA3E8B3B284AA7FC97 /* Products */,
			);
			sourceTree = "<group>";
		};
		4B9965AD3BE888154B253124 /* Sources */ = {
			isa = PBXGroup;
			children = (
				A844CD351E9A95F19B6E3888 /* AppModel.swift */,
				5C3B0357AAA4B57BA1EF77BE /* ArtStageView.swift */,
				965CA6A5C9E0069F762371BE /* HostPickerView.swift */,
				FC4CA6744F8BE1C2B522FB7C /* MediaView.swift */,
				5FEFC2F065B88CE379F032E3 /* OpenObjectTVApp.swift */,
				5ED4ED6C991174D53E98ADCB /* RootView.swift */,
				9E70C92B387C5850E35FBA0A /* UserDefaultsHostStore.swift */,
				4EB8A78C5BDAA4C7CB44CCB8 /* VideoLayerView.swift */,
			);
			path = Sources;
			sourceTree = "<group>";
		};
		91A625EA3E8B3B284AA7FC97 /* Products */ = {
			isa = PBXGroup;
			children = (
				DA28F2304D58551C6975D317 /* OpenObjectTV.app */,
			);
			name = Products;
			sourceTree = "<group>";
		};
		BFC0C1525F0CC41315C18F25 /* Packages */ = {
			isa = PBXGroup;
			children = (
				C9BEA43C301A266597B50BEC /* display-core */,
			);
			name = Packages;
			sourceTree = "<group>";
		};
/* End PBXGroup section */

/* Begin PBXNativeTarget section */
		726C8CDDEA74CB51E427D7D8 /* OpenObjectTV */ = {
			isa = PBXNativeTarget;
			buildConfigurationList = 3B8388B7199F5F97A23CF6E0 /* Build configuration list for PBXNativeTarget "OpenObjectTV" */;
			buildPhases = (
				96FF27970F695E9271566EF5 /* Sources */,
				A475F05C27B5FE30AA30B4A0 /* Resources */,
				DEA02266B94E0443C9104B28 /* Frameworks */,
			);
			buildRules = (
			);
			dependencies = (
			);
			name = OpenObjectTV;
			packageProductDependencies = (
				DD3C4AC8A4B75CA2E48D9B92 /* DisplayCore */,
			);
			productName = OpenObjectTV;
			productReference = DA28F2304D58551C6975D317 /* OpenObjectTV.app */;
			productType = "com.apple.product-type.application";
		};
/* End PBXNativeTarget section */

/* Begin PBXProject section */
		1432B083B3FF07816CA9BEC0 /* Project object */ = {
			isa = PBXProject;
			attributes = {
				BuildIndependentTargetsInParallel = YES;
				LastUpgradeCheck = 1430;
				TargetAttributes = {
					726C8CDDEA74CB51E427D7D8 = {
						DevelopmentTeam = J87JRCN9RM;
						ProvisioningStyle = Automatic;
					};
				};
			};
			buildConfigurationList = 4C9B2561D18E91EED0AA606A /* Build configuration list for PBXProject "OpenObject" */;
			developmentRegion = en;
			hasScannedForEncodings = 0;
			knownRegions = (
				Base,
				en,
			);
			mainGroup = 45FB89F809E72C32975B65D4;
			minimizedProjectReferenceProxies = 1;
			packageReferences = (
				95ABF94020E715BF6A4468D5 /* XCLocalSwiftPackageReference "../display-core" */,
			);
			preferredProjectObjectVersion = 77;
			productRefGroup = 91A625EA3E8B3B284AA7FC97 /* Products */;
			projectDirPath = "";
			projectRoot = "";
			targets = (
				726C8CDDEA74CB51E427D7D8 /* OpenObjectTV */,
			);
		};
/* End PBXProject section */

/* Begin PBXResourcesBuildPhase section */
		A475F05C27B5FE30AA30B4A0 /* Resources */ = {
			isa = PBXResourcesBuildPhase;
			buildActionMask = 2147483647;
			files = (
				5C61A5B9D560127AF913A85E /* Assets.xcassets in Resources */,
			);
			runOnlyForDeploymentPostprocessing = 0;
		};
/* End PBXResourcesBuildPhase section */

/* Begin PBXSourcesBuildPhase section */
		96FF27970F695E9271566EF5 /* Sources */ = {
			isa = PBXSourcesBuildPhase;
			buildActionMask = 2147483647;
			files = (
				68A9C983076D5DB2384C9D68 /* AppModel.swift in Sources */,
				AF983191DF9D02478396CCA0 /* ArtStageView.swift in Sources */,
				1BB527B8B7A6B32C16AA75F5 /* HostPickerView.swift in Sources */,
				6777C5D0170FC6FACDFEC0AC /* MediaView.swift in Sources */,
				8C0D4A429C13FA0A38EDAD5B /* OpenObjectTVApp.swift in Sources */,
				8C056E9F9A79407FC0CC50F3 /* RootView.swift in Sources */,
				0F330A0AE4E1FF0E56C4BC82 /* UserDefaultsHostStore.swift in Sources */,
				EDB77F24F0B85223CC172A67 /* VideoLayerView.swift in Sources */,
			);
			runOnlyForDeploymentPostprocessing = 0;
		};
/* End PBXSourcesBuildPhase section */

/* Begin XCBuildConfiguration section */
		23956E806AAECAFD77794B94 /* Debug */ = {
			isa = XCBuildConfiguration;
			buildSettings = {
				ALWAYS_SEARCH_USER_PATHS = NO;
				ARCHS = arm64;
				CLANG_ANALYZER_NONNULL = YES;
				CLANG_ANALYZER_NUMBER_OBJECT_CONVERSION = YES_AGGRESSIVE;
				CLANG_CXX_LANGUAGE_STANDARD = "gnu++14";
				CLANG_CXX_LIBRARY = "libc++";
				CLANG_ENABLE_MODULES = YES;
				CLANG_ENABLE_OBJC_ARC = YES;
				CLANG_ENABLE_OBJC_WEAK = YES;
				CLANG_WARN_BLOCK_CAPTURE_AUTORELEASING = YES;
				CLANG_WARN_BOOL_CONVERSION = YES;
				CLANG_WARN_COMMA = YES;
				CLANG_WARN_CONSTANT_CONVERSION = YES;
				CLANG_WARN_DEPRECATED_OBJC_IMPLEMENTATIONS = YES;
				CLANG_WARN_DIRECT_OBJC_ISA_USAGE = YES_ERROR;
				CLANG_WARN_DOCUMENTATION_COMMENTS = YES;
				CLANG_WARN_EMPTY_BODY = YES;
				CLANG_WARN_ENUM_CONVERSION = YES;
				CLANG_WARN_INFINITE_RECURSION = YES;
				CLANG_WARN_INT_CONVERSION = YES;
				CLANG_WARN_NON_LITERAL_NULL_CONVERSION = YES;
				CLANG_WARN_OBJC_IMPLICIT_RETAIN_SELF = YES;
				CLANG_WARN_OBJC_LITERAL_CONVERSION = YES;
				CLANG_WARN_OBJC_ROOT_CLASS = YES_ERROR;
				CLANG_WARN_QUOTED_INCLUDE_IN_FRAMEWORK_HEADER = YES;
				CLANG_WARN_RANGE_LOOP_ANALYSIS = YES;
				CLANG_WARN_STRICT_PROTOTYPES = YES;
				CLANG_WARN_SUSPICIOUS_MOVE = YES;
				CLANG_WARN_UNGUARDED_AVAILABILITY = YES_AGGRESSIVE;
				CLANG_WARN_UNREACHABLE_CODE = YES;
				CLANG_WARN__DUPLICATE_METHOD_MATCH = YES;
				CODE_SIGN_STYLE = Automatic;
				COPY_PHASE_STRIP = NO;
				CURRENT_PROJECT_VERSION = 1;
				DEBUG_INFORMATION_FORMAT = dwarf;
				DEVELOPMENT_TEAM = J87JRCN9RM;
				ENABLE_STRICT_OBJC_MSGSEND = YES;
				ENABLE_TESTABILITY = YES;
				GCC_C_LANGUAGE_STANDARD = gnu11;
				GCC_DYNAMIC_NO_PIC = NO;
				GCC_NO_COMMON_BLOCKS = YES;
				GCC_OPTIMIZATION_LEVEL = 0;
				GCC_PREPROCESSOR_DEFINITIONS = (
					"$(inherited)",
					"DEBUG=1",
				);
				GCC_WARN_64_TO_32_BIT_CONVERSION = YES;
				GCC_WARN_ABOUT_RETURN_TYPE = YES_ERROR;
				GCC_WARN_UNDECLARED_SELECTOR = YES;
				GCC_WARN_UNINITIALIZED_AUTOS = YES_AGGRESSIVE;
				GCC_WARN_UNUSED_FUNCTION = YES;
				GCC_WARN_UNUSED_VARIABLE = YES;
				MARKETING_VERSION = 1.6.0;
				MTL_ENABLE_DEBUG_INFO = INCLUDE_SOURCE;
				MTL_FAST_MATH = YES;
				ONLY_ACTIVE_ARCH = NO;
				PRODUCT_NAME = "$(TARGET_NAME)";
				SDKROOT = appletvos;
				SWIFT_ACTIVE_COMPILATION_CONDITIONS = DEBUG;
				SWIFT_OPTIMIZATION_LEVEL = "-Onone";
				SWIFT_VERSION = 5.0;
				TVOS_DEPLOYMENT_TARGET = 17.0;
			};
			name = Debug;
		};
		264D4EC77B885894FE80802C /* Debug */ = {
			isa = XCBuildConfiguration;
			buildSettings = {
				ASSETCATALOG_COMPILER_APPICON_NAME = AppIcon;
				ASSETCATALOG_COMPILER_LAUNCHIMAGE_NAME = LaunchImage;
				INFOPLIST_FILE = "OpenObject-Info.plist";
				LD_RUNPATH_SEARCH_PATHS = (
					"$(inherited)",
					"@executable_path/Frameworks",
				);
				PRODUCT_BUNDLE_IDENTIFIER = io.openobject.app;
				PRODUCT_NAME = OpenObject;
				SDKROOT = appletvos;
				TARGETED_DEVICE_FAMILY = 3;
				TVOS_DEPLOYMENT_TARGET = 17.0;
			};
			name = Debug;
		};
		2F6C36DBC5CDCA4FC5C833AD /* Release */ = {
			isa = XCBuildConfiguration;
			buildSettings = {
				ASSETCATALOG_COMPILER_APPICON_NAME = AppIcon;
				ASSETCATALOG_COMPILER_LAUNCHIMAGE_NAME = LaunchImage;
				INFOPLIST_FILE = "OpenObject-Info.plist";
				LD_RUNPATH_SEARCH_PATHS = (
					"$(inherited)",
					"@executable_path/Frameworks",
				);
				PRODUCT_BUNDLE_IDENTIFIER = io.openobject.app;
				PRODUCT_NAME = OpenObject;
				SDKROOT = appletvos;
				TARGETED_DEVICE_FAMILY = 3;
				TVOS_DEPLOYMENT_TARGET = 17.0;
			};
			name = Release;
		};
		45A9786C31587C0273A96279 /* Release */ = {
			isa = XCBuildConfiguration;
			buildSettings = {
				ALWAYS_SEARCH_USER_PATHS = NO;
				ARCHS = arm64;
				CLANG_ANALYZER_NONNULL = YES;
				CLANG_ANALYZER_NUMBER_OBJECT_CONVERSION = YES_AGGRESSIVE;
				CLANG_CXX_LANGUAGE_STANDARD = "gnu++14";
				CLANG_CXX_LIBRARY = "libc++";
				CLANG_ENABLE_MODULES = YES;
				CLANG_ENABLE_OBJC_ARC = YES;
				CLANG_ENABLE_OBJC_WEAK = YES;
				CLANG_WARN_BLOCK_CAPTURE_AUTORELEASING = YES;
				CLANG_WARN_BOOL_CONVERSION = YES;
				CLANG_WARN_COMMA = YES;
				CLANG_WARN_CONSTANT_CONVERSION = YES;
				CLANG_WARN_DEPRECATED_OBJC_IMPLEMENTATIONS = YES;
				CLANG_WARN_DIRECT_OBJC_ISA_USAGE = YES_ERROR;
				CLANG_WARN_DOCUMENTATION_COMMENTS = YES;
				CLANG_WARN_EMPTY_BODY = YES;
				CLANG_WARN_ENUM_CONVERSION = YES;
				CLANG_WARN_INFINITE_RECURSION = YES;
				CLANG_WARN_INT_CONVERSION = YES;
				CLANG_WARN_NON_LITERAL_NULL_CONVERSION = YES;
				CLANG_WARN_OBJC_IMPLICIT_RETAIN_SELF = YES;
				CLANG_WARN_OBJC_LITERAL_CONVERSION = YES;
				CLANG_WARN_OBJC_ROOT_CLASS = YES_ERROR;
				CLANG_WARN_QUOTED_INCLUDE_IN_FRAMEWORK_HEADER = YES;
				CLANG_WARN_RANGE_LOOP_ANALYSIS = YES;
				CLANG_WARN_STRICT_PROTOTYPES = YES;
				CLANG_WARN_SUSPICIOUS_MOVE = YES;
				CLANG_WARN_UNGUARDED_AVAILABILITY = YES_AGGRESSIVE;
				CLANG_WARN_UNREACHABLE_CODE = YES;
				CLANG_WARN__DUPLICATE_METHOD_MATCH = YES;
				CODE_SIGN_STYLE = Automatic;
				COPY_PHASE_STRIP = NO;
				CURRENT_PROJECT_VERSION = 1;
				DEBUG_INFORMATION_FORMAT = "dwarf-with-dsym";
				DEVELOPMENT_TEAM = J87JRCN9RM;
				ENABLE_NS_ASSERTIONS = NO;
				ENABLE_STRICT_OBJC_MSGSEND = YES;
				GCC_C_LANGUAGE_STANDARD = gnu11;
				GCC_NO_COMMON_BLOCKS = YES;
				GCC_WARN_64_TO_32_BIT_CONVERSION = YES;
				GCC_WARN_ABOUT_RETURN_TYPE = YES_ERROR;
				GCC_WARN_UNDECLARED_SELECTOR = YES;
				GCC_WARN_UNINITIALIZED_AUTOS = YES_AGGRESSIVE;
				GCC_WARN_UNUSED_FUNCTION = YES;
				GCC_WARN_UNUSED_VARIABLE = YES;
				MARKETING_VERSION = 1.6.0;
				MTL_ENABLE_DEBUG_INFO = NO;
				MTL_FAST_MATH = YES;
				ONLY_ACTIVE_ARCH = NO;
				PRODUCT_NAME = "$(TARGET_NAME)";
				SDKROOT = appletvos;
				SWIFT_COMPILATION_MODE = wholemodule;
				SWIFT_OPTIMIZATION_LEVEL = "-O";
				SWIFT_VERSION = 5.0;
				TVOS_DEPLOYMENT_TARGET = 17.0;
			};
			name = Release;
		};
/* End XCBuildConfiguration section */

/* Begin XCConfigurationList section */
		3B8388B7199F5F97A23CF6E0 /* Build configuration list for PBXNativeTarget "OpenObjectTV" */ = {
			isa = XCConfigurationList;
			buildConfigurations = (
				264D4EC77B885894FE80802C /* Debug */,
				2F6C36DBC5CDCA4FC5C833AD /* Release */,
			);
			defaultConfigurationIsVisible = 0;
			defaultConfigurationName = Debug;
		};
		4C9B2561D18E91EED0AA606A /* Build configuration list for PBXProject "OpenObject" */ = {
			isa = XCConfigurationList;
			buildConfigurations = (
				23956E806AAECAFD77794B94 /* Debug */,
				45A9786C31587C0273A96279 /* Release */,
			);
			defaultConfigurationIsVisible = 0;
			defaultConfigurationName = Debug;
		};
/* End XCConfigurationList section */

/* Begin XCLocalSwiftPackageReference section */
		95ABF94020E715BF6A4468D5 /* XCLocalSwiftPackageReference "../display-core" */ = {
			isa = XCLocalSwiftPackageReference;
			relativePath = "../display-core";
		};
/* End XCLocalSwiftPackageReference section */

/* Begin XCSwiftPackageProductDependency section */
		DD3C4AC8A4B75CA2E48D9B92 /* DisplayCore */ = {
			isa = XCSwiftPackageProductDependency;
			productName = DisplayCore;
		};
/* End XCSwiftPackageProductDependency section */
	};
	rootObject = 1432B083B3FF07816CA9BEC0 /* Project object */;
}
